
Microsoft Visual Studio Solution File, Format Version 12.00
# Visual Studio Version 16
VisualStudioVersion = 16.0.30011.22
MinimumVisualStudioVersion = 10.0.40219.1
Project("{FAE04EC0-301F-11D3-BF4B-00C04F79EFBC}") = "TestKafkaDemo", "TestKafkaDemo\TestKafkaDemo.csproj", "{52BF5153-0F58-475D-9DD4-086AC0D151D7}"
EndProject
Global
	GlobalSection(SolutionConfigurationPlatforms) = preSolution
		Debug|Any CPU = Debug|Any CPU
		Release|Any CPU = Release|Any CPU
	EndGlobalSection
	GlobalSection(ProjectConfigurationPlatforms) = postSolution
		{52BF5153-0F58-475D-9DD4-086AC0D151D7}.Debug|Any CPU.ActiveCfg = Debug|Any CPU
		{52BF5153-0F58-475D-9DD4-086AC0D151D7}.Debug|Any CPU.Build.0 = Debug|Any CPU
		{52BF5153-0F58-475D-9DD4-086AC0D151D7}.Release|Any CPU.ActiveCfg = Release|Any CPU
		{52BF5153-0F58-475D-9DD4-086AC0D151D7}.Release|Any CPU.Build.0 = Release|Any CPU
	EndGlobalSection
	GlobalSection(SolutionProperties) = preSolution
		HideSolutionNode = FALSE
	EndGlobalSection
	GlobalSection(ExtensibilityGlobals) = postSolution
		SolutionGuid = {CADC7426-E6AC-4226-A0A5-AAE8D56F9830}
	EndGlobalSection
EndGlobal
